# THIS IS AN AUTOGENERATED FILE. DO NOT EDIT THIS FILE DIRECTLY.
# yarn lockfile v1


"@babel/runtime@^7.6.3":
  version "7.8.3"
  resolved "https://registry.npm.taobao.org/@babel/runtime/download/@babel/runtime-7.8.3.tgz#0811944f73a6c926bb2ad35e918dcc1bfab279f1"
  integrity sha1-CBGUT3OmySa7KtNekY3MG/qyefE=
  dependencies:
    regenerator-runtime "^0.13.2"

"@types/lodash@^4.14.149":
  version "4.14.149"
  resolved "https://registry.npm.taobao.org/@types/lodash/download/@types/lodash-4.14.149.tgz?cache=0&sync_timestamp=1574120085454&other_urls=https%3A%2F%2Fregistry.npm.taobao.org%2F%40types%2Flodash%2Fdownload%2F%40types%2Flodash-4.14.149.tgz#1342d63d948c6062838fbf961012f74d4e638440"
  integrity sha1-E0LWPZSMYGKDj7+WEBL3TU5jhEA=

"@types/node@^13.5.0":
  version "13.5.0"
  resolved "https://registry.npm.taobao.org/@types/node/download/@types/node-13.5.0.tgz#4e498dbf355795a611a87ae5ef811a8660d42662"
  integrity sha1-TkmNvzVXlaYRqHrl74EahmDUJmI=

"@types/yaml@^1.2.0":
  version "1.2.0"
  resolved "https://registry.npm.taobao.org/@types/yaml/download/@types/yaml-1.2.0.tgz#4ed577fc4ebbd6b829b28734e56d10c9e6984e09"
  integrity sha1-TtV3/E671rgpsoc05W0QyeaYTgk=

arg@^4.1.0:
  version "4.1.2"
  resolved "https://registry.npm.taobao.org/arg/download/arg-4.1.2.tgz?cache=0&sync_timestamp=1574701334119&other_urls=https%3A%2F%2Fregistry.npm.taobao.org%2Farg%2Fdownload%2Farg-4.1.2.tgz#e70c90579e02c63d80e3ad4e31d8bfdb8bd50064"
  integrity sha1-5wyQV54Cxj2A461OMdi/24vVAGQ=

buffer-from@^1.0.0:
  version "1.1.1"
  resolved "https://registry.npm.taobao.org/buffer-from/download/buffer-from-1.1.1.tgz#32713bc028f75c02fdb710d7c7bcec1f2c6070ef"
  integrity sha1-MnE7wCj3XAL9txDXx7zsHyxgcO8=

cross-env@^7.0.0:
  version "7.0.0"
  resolved "https://registry.npm.taobao.org/cross-env/download/cross-env-7.0.0.tgz#5a3b2ddce51ec713ea58f2fb79ce22e65b4f5479"
  integrity sha1-Wjst3OUexxPqWPL7ec4i5ltPVHk=
  dependencies:
    cross-spawn "^7.0.1"

cross-spawn@^7.0.1:
  version "7.0.1"
  resolved "https://registry.npm.taobao.org/cross-spawn/download/cross-spawn-7.0.1.tgz#0ab56286e0f7c24e153d04cc2aa027e43a9a5d14"
  integrity sha1-CrVihuD3wk4VPQTMKqAn5DqaXRQ=
  dependencies:
    path-key "^3.1.0"
    shebang-command "^2.0.0"
    which "^2.0.1"

diff@^4.0.1:
  version "4.0.2"
  resolved "https://registry.npm.taobao.org/diff/download/diff-4.0.2.tgz?cache=0&sync_timestamp=1578918306878&other_urls=https%3A%2F%2Fregistry.npm.taobao.org%2Fdiff%2Fdownload%2Fdiff-4.0.2.tgz#60f3aecb89d5fae520c11aa19efc2bb982aade7d"
  integrity sha1-YPOuy4nV+uUgwRqhnvwruYKq3n0=

isexe@^2.0.0:
  version "2.0.0"
  resolved "https://registry.npm.taobao.org/isexe/download/isexe-2.0.0.tgz#e8fbf374dc556ff8947a10dcb0572d633f2cfa10"
  integrity sha1-6PvzdNxVb/iUehDcsFctYz8s+hA=

loadsh@^0.0.4:
  version "0.0.4"
  resolved "https://registry.npm.taobao.org/loadsh/download/loadsh-0.0.4.tgz#5314babd12bb13315dde024a4ca70758c5489d2d"
  integrity sha1-UxS6vRK7EzFd3gJKTKcHWMVInS0=

lodash@^4.17.19:
  version "4.17.19"
  resolved "https://registry.yarnpkg.com/lodash/-/lodash-4.17.19.tgz#e48ddedbe30b3321783c5b4301fbd353bc1e4a4b"
  integrity sha512-JNvd8XER9GQX0v2qJgsaN/mzFCNA5BRe/j8JN9d+tWyGLSodKQHKFicdwNYzWwI3wjRnaKPsGj1XkBjx/F96DQ==

make-error@^1.1.1:
  version "1.3.5"
  resolved "https://registry.npm.taobao.org/make-error/download/make-error-1.3.5.tgz#efe4e81f6db28cadd605c70f29c831b58ef776c8"
  integrity sha1-7+ToH22yjK3WBccPKcgxtY73dsg=

path-key@^3.1.0:
  version "3.1.1"
  resolved "https://registry.npm.taobao.org/path-key/download/path-key-3.1.1.tgz?cache=0&sync_timestamp=1574442298523&other_urls=https%3A%2F%2Fregistry.npm.taobao.org%2Fpath-key%2Fdownload%2Fpath-key-3.1.1.tgz#581f6ade658cbba65a0d3380de7753295054f375"
  integrity sha1-WB9q3mWMu6ZaDTOA3ndTKVBU83U=

regenerator-runtime@^0.13.2:
  version "0.13.3"
  resolved "https://registry.npm.taobao.org/regenerator-runtime/download/regenerator-runtime-0.13.3.tgz#7cf6a77d8f5c6f60eb73c5fc1955b2ceb01e6bf5"
  integrity sha1-fPanfY9cb2Drc8X8GVWyzrAea/U=

shebang-command@^2.0.0:
  version "2.0.0"
  resolved "https://registry.npm.taobao.org/shebang-command/download/shebang-command-2.0.0.tgz?cache=0&sync_timestamp=1567809451758&other_urls=https%3A%2F%2Fregistry.npm.taobao.org%2Fshebang-command%2Fdownload%2Fshebang-command-2.0.0.tgz#ccd0af4f8835fbdc265b82461aaf0c36663f34ea"
  integrity sha1-zNCvT4g1+9wmW4JGGq8MNmY/NOo=
  dependencies:
    shebang-regex "^3.0.0"

shebang-regex@^3.0.0:
  version "3.0.0"
  resolved "https://registry.npm.taobao.org/shebang-regex/download/shebang-regex-3.0.0.tgz#ae16f1644d873ecad843b0307b143362d4c42172"
  integrity sha1-rhbxZE2HPsrYQ7AwexQzYtTEIXI=

source-map-support@^0.5.6:
  version "0.5.16"
  resolved "https://registry.npm.taobao.org/source-map-support/download/source-map-support-0.5.16.tgz?cache=0&sync_timestamp=1572389965235&other_urls=https%3A%2F%2Fregistry.npm.taobao.org%2Fsource-map-support%2Fdownload%2Fsource-map-support-0.5.16.tgz#0ae069e7fe3ba7538c64c98515e35339eac5a042"
  integrity sha1-CuBp5/47p1OMZMmFFeNTOerFoEI=
  dependencies:
    buffer-from "^1.0.0"
    source-map "^0.6.0"

source-map@^0.6.0:
  version "0.6.1"
  resolved "https://registry.npm.taobao.org/source-map/download/source-map-0.6.1.tgz#74722af32e9614e9c287a8d0bbde48b5e2f1a263"
  integrity sha1-dHIq8y6WFOnCh6jQu95IteLxomM=

ts-node@^8.6.2:
  version "8.6.2"
  resolved "https://registry.npm.taobao.org/ts-node/download/ts-node-8.6.2.tgz?cache=0&sync_timestamp=1578939053420&other_urls=https%3A%2F%2Fregistry.npm.taobao.org%2Fts-node%2Fdownload%2Fts-node-8.6.2.tgz#7419a01391a818fbafa6f826a33c1a13e9464e35"
  integrity sha1-dBmgE5GoGPuvpvgmozwaE+lGTjU=
  dependencies:
    arg "^4.1.0"
    diff "^4.0.1"
    make-error "^1.1.1"
    source-map-support "^0.5.6"
    yn "3.1.1"

typescript@^3.7.5:
  version "3.7.5"
  resolved "https://registry.npm.taobao.org/typescript/download/typescript-3.7.5.tgz#0692e21f65fd4108b9330238aac11dd2e177a1ae"
  integrity sha1-BpLiH2X9QQi5MwI4qsEd0uF3oa4=

which@^2.0.1:
  version "2.0.2"
  resolved "https://registry.npm.taobao.org/which/download/which-2.0.2.tgz?cache=0&other_urls=https%3A%2F%2Fregistry.npm.taobao.org%2Fwhich%2Fdownload%2Fwhich-2.0.2.tgz#7c6a8dd0a636a0327e10b59c9286eee93f3f51b1"
  integrity sha1-fGqN0KY2oDJ+ELWckobu6T8/UbE=
  dependencies:
    isexe "^2.0.0"

yaml@^1.7.2:
  version "1.7.2"
  resolved "https://registry.npm.taobao.org/yaml/download/yaml-1.7.2.tgz?cache=0&other_urls=https%3A%2F%2Fregistry.npm.taobao.org%2Fyaml%2Fdownload%2Fyaml-1.7.2.tgz#f26aabf738590ab61efaca502358e48dc9f348b2"
  integrity sha1-8mqr9zhZCrYe+spQI1jkjcnzSLI=
  dependencies:
    "@babel/runtime" "^7.6.3"

yn@3.1.1:
  version "3.1.1"
  resolved "https://registry.npm.taobao.org/yn/download/yn-3.1.1.tgz#1e87401a09d767c1d5eab26a6e4c185182d2eb50"
  integrity sha1-HodAGgnXZ8HV6rJqbkwYUYLS61A=
